DEPENDENCIES
  rvm
    git: https://github.com/martinisoft/chef-rvm.git
    revision: a5e2a746be9db650e2f36d7a23ec05e984e26431
    branch: master
  workstation
    path: .
    metadata: true

GRAPH
  apt (2.9.2)
  build-essential (2.2.4)
  chef_gem (0.1.0)
  chef_handler (1.2.0)
  dmg (2.3.0)
  homebrew (2.0.3)
    build-essential (>= 2.1.2)
  java (1.36.0)
    apt (>= 0.0.0)
  mac_os_x (1.4.6)
  rvm (0.10.1)
    chef_gem (>= 0.0.0)
    java (>= 0.0.0)
  sudo (2.7.2)
  vagrant (0.4.1)
    dmg (>= 2.2.2)
    windows (~> 1.38)
  windows (1.39.0)
    chef_handler (>= 0.0.0)
  workstation (0.11.10)
    apt (>= 0.0.0)
    homebrew (>= 0.0.0)
    mac_os_x (>= 0.0.0)
    rvm (>= 0.0.0)
    sudo (>= 0.0.0)
    vagrant (>= 0.0.0)
