DEPENDENCIES
  rvm
    git: https://github.com/martinisoft/chef-rvm.git
    revision: eddd733694a1d3e0872f5692e8dda93aa2752791
    branch: master
  workstation
    path: .
    metadata: true

GRAPH
  apt (4.0.2)
    compat_resource (>= 12.10)
  build-essential (6.0.6)
    compat_resource (>= 12.14)
    mingw (>= 1.1)
    seven_zip (>= 0.0.0)
  chef_gem (0.1.0)
  compat_resource (12.14.6)
  dmg (2.4.0)
  homebrew (2.1.2)
    build-essential (>= 2.1.2)
  java (1.42.0)
    apt (>= 0.0.0)
    homebrew (>= 0.0.0)
    windows (>= 0.0.0)
  mac_os_x (1.4.6)
  mingw (1.2.4)
    compat_resource (>= 0.0.0)
    seven_zip (>= 0.0.0)
  rvm (0.10.1)
    chef_gem (>= 0.0.0)
    java (>= 0.0.0)
  seven_zip (2.0.2)
    windows (>= 1.2.2)
  sudo (3.0.0)
  vagrant (0.3.1)
    dmg (>= 2.2.2)
    windows (>= 1.30.2)
  windows (2.0.2)
  workstation (0.13.6)
    apt (>= 0.0.0)
    homebrew (>= 0.0.0)
    mac_os_x (>= 0.0.0)
    rvm (>= 0.0.0)
    sudo (>= 0.0.0)
    vagrant (>= 0.0.0)
