DEPENDENCIES
  rvm
    git: https://github.com/fnichol/chef-rvm.git
    revision: 8a877e9b497f8fb06dfe6f5975561331b3924243
    branch: master
  workstation
    path: .
    metadata: true

GRAPH
  apt (2.6.0)
  build-essential (2.0.6)
  chef_gem (0.1.0)
  chef_handler (1.1.6)
  dmg (2.2.0)
  git (4.0.2)
    build-essential (>= 0.0.0)
    dmg (>= 0.0.0)
    runit (>= 1.0.0)
    windows (>= 0.0.0)
    yum (~> 3.0)
    yum-epel (>= 0.0.0)
  homebrew (1.9.2)
  homesick (0.4.0)
    git (>= 0.0.0)
  java (1.28.0)
  mac_os_x (1.4.6)
  nvm (0.1.0)
    git (>= 2.1.0)
  runit (1.5.10)
    build-essential (>= 0.0.0)
    yum (~> 3.0)
    yum-epel (>= 0.0.0)
  rvm (0.10.1)
    chef_gem (>= 0.0.0)
    java (>= 0.0.0)
  windows (1.34.6)
    chef_handler (>= 0.0.0)
  workstation (0.10.1)
    apt (>= 0.0.0)
    homebrew (~> 1.9.2)
    homesick (~> 0.4.0)
    mac_os_x (~> 1.4.6)
    nvm (~> 0.1.0)
    rvm (>= 0.0.0)
  yum (3.3.2)
  yum-epel (0.5.1)
    yum (~> 3.0)
